// !$*UTF8*$!
{
	archiveVersion = 1;
	classes = {
	};
	objectVersion = 50;
	objects = {

/* Begin PBXBuildFile section */
		0276DE1122DBD0BF00CEC4D5 /* AppDelegate.swift in Sources */ = {isa = PBXBuildFile; fileRef = 0276DE1022DBD0BF00CEC4D5 /* AppDelegate.swift */; };
		0276DE1322DBD0BF00CEC4D5 /* MainMenuViewController.swift in Sources */ = {isa = PBXBuildFile; fileRef = 0276DE1222DBD0BF00CEC4D5 /* MainMenuViewController.swift */; };
		0276DE1622DBD0BF00CEC4D5 /* Main.storyboard in Resources */ = {isa = PBXBuildFile; fileRef = 0276DE1422DBD0BF00CEC4D5 /* Main.storyboard */; };
		0276DE1922DBD0BF00CEC4D5 /* Life_Giver.xcdatamodeld in Sources */ = {isa = PBXBuildFile; fileRef = 0276DE1722DBD0BF00CEC4D5 /* Life_Giver.xcdatamodeld */; };
		0276DE1E22DBD0C000CEC4D5 /* LaunchScreen.storyboard in Resources */ = {isa = PBXBuildFile; fileRef = 0276DE1C22DBD0C000CEC4D5 /* LaunchScreen.storyboard */; };
		0276DE2822DBD2B900CEC4D5 /* Assets.xcassets in Resources */ = {isa = PBXBuildFile; fileRef = 0276DE2722DBD2B900CEC4D5 /* Assets.xcassets */; };
		0276DE2A22DBD35C00CEC4D5 /* GeneralProperties.swift in Sources */ = {isa = PBXBuildFile; fileRef = 0276DE2922DBD35C00CEC4D5 /* GeneralProperties.swift */; };
		0295EC8E22DE45EC00FB041C /* SliderTableViewCell.swift in Sources */ = {isa = PBXBuildFile; fileRef = 0295EC8D22DE45EC00FB041C /* SliderTableViewCell.swift */; };
		0295EC9022DE464400FB041C /* SwitchTableViewCell.swift in Sources */ = {isa = PBXBuildFile; fileRef = 0295EC8F22DE464400FB041C /* SwitchTableViewCell.swift */; };
		0295EC9222DE4BF300FB041C /* ConfigurationTableViewController.swift in Sources */ = {isa = PBXBuildFile; fileRef = 0295EC9122DE4BF300FB041C /* ConfigurationTableViewController.swift */; };
		02BE861622DC3283009431BC /* NewYorkExtraLarge-Regular.otf in Resources */ = {isa = PBXBuildFile; fileRef = 02BE861522DC3283009431BC /* NewYorkExtraLarge-Regular.otf */; };
		02BE861822DC3899009431BC /* LevelSelection.storyboard in Resources */ = {isa = PBXBuildFile; fileRef = 02BE861722DC3899009431BC /* LevelSelection.storyboard */; };
		02BE861B22DC39ED009431BC /* ShapeView.swift in Sources */ = {isa = PBXBuildFile; fileRef = 02BE861A22DC39EC009431BC /* ShapeView.swift */; };
		02BE861F22DC3CFC009431BC /* LevelSelectionCollectionViewCell.swift in Sources */ = {isa = PBXBuildFile; fileRef = 02BE861E22DC3CFC009431BC /* LevelSelectionCollectionViewCell.swift */; };
		02BE862322DC42B6009431BC /* Tutorials.strings in Resources */ = {isa = PBXBuildFile; fileRef = 02BE862222DC42B6009431BC /* Tutorials.strings */; };
		02BE862522DC50B8009431BC /* LevelSelectionCollectionViewController.swift in Sources */ = {isa = PBXBuildFile; fileRef = 02BE862422DC50B8009431BC /* LevelSelectionCollectionViewController.swift */; };
		02BE862722DC5251009431BC /* ModelController.swift in Sources */ = {isa = PBXBuildFile; fileRef = 02BE862622DC5251009431BC /* ModelController.swift */; };
		02BE863122DCDA6A009431BC /* Levels.strings in Resources */ = {isa = PBXBuildFile; fileRef = 02BE863022DCDA6A009431BC /* Levels.strings */; };
		02BE863422DCDFE9009431BC /* Level+CoreDataClass.swift in Sources */ = {isa = PBXBuildFile; fileRef = 02BE863222DCDFE9009431BC /* Level+CoreDataClass.swift */; };
		02BE863522DCDFE9009431BC /* Level+CoreDataProperties.swift in Sources */ = {isa = PBXBuildFile; fileRef = 02BE863322DCDFE9009431BC /* Level+CoreDataProperties.swift */; };
		02BE863D22DCF517009431BC /* UIContact.swift in Sources */ = {isa = PBXBuildFile; fileRef = 02BE863822DCF517009431BC /* UIContact.swift */; };
		02BE863E22DCF517009431BC /* DynamicAnimatorController.swift in Sources */ = {isa = PBXBuildFile; fileRef = 02BE863922DCF517009431BC /* DynamicAnimatorController.swift */; };
		02BE863F22DCF517009431BC /* ContactDelegate.swift in Sources */ = {isa = PBXBuildFile; fileRef = 02BE863A22DCF517009431BC /* ContactDelegate.swift */; };
		02BE864022DCF517009431BC /* DynamicObjectFactory.swift in Sources */ = {isa = PBXBuildFile; fileRef = 02BE863B22DCF517009431BC /* DynamicObjectFactory.swift */; };
		02BE864122DCF517009431BC /* DynamicBehaviorManager.swift in Sources */ = {isa = PBXBuildFile; fileRef = 02BE863C22DCF517009431BC /* DynamicBehaviorManager.swift */; };
		02BE864622DCF54B009431BC /* DynamicShapeView.swift in Sources */ = {isa = PBXBuildFile; fileRef = 02BE864322DCF54B009431BC /* DynamicShapeView.swift */; };
		02BE864722DCF54B009431BC /* AffectedByDynamics.swift in Sources */ = {isa = PBXBuildFile; fileRef = 02BE864422DCF54B009431BC /* AffectedByDynamics.swift */; };
		02BE864822DCF54B009431BC /* DynamicImageView.swift in Sources */ = {isa = PBXBuildFile; fileRef = 02BE864522DCF54B009431BC /* DynamicImageView.swift */; };
		02BE864C22DD02AC009431BC /* ModelStatus.swift in Sources */ = {isa = PBXBuildFile; fileRef = 02BE864B22DD02AC009431BC /* ModelStatus.swift */; };
		02BE864E22DD134C009431BC /* NotificationHandler.swift in Sources */ = {isa = PBXBuildFile; fileRef = 02BE864D22DD134C009431BC /* NotificationHandler.swift */; };
		02BE865122DD13F5009431BC /* MyNotification.swift in Sources */ = {isa = PBXBuildFile; fileRef = 02BE865022DD13F5009431BC /* MyNotification.swift */; };
		02BE865322DD1B74009431BC /* AppDelegateExtension.swift in Sources */ = {isa = PBXBuildFile; fileRef = 02BE865222DD1B74009431BC /* AppDelegateExtension.swift */; };
		02BE865722DD1FA7009431BC /* Level.storyboard in Resources */ = {isa = PBXBuildFile; fileRef = 02BE865622DD1FA7009431BC /* Level.storyboard */; };
		02BE865F22DD7B0F009431BC /* Droplet.swift in Sources */ = {isa = PBXBuildFile; fileRef = 02BE865E22DD7B0F009431BC /* Droplet.swift */; };
		02BE866122DD7C05009431BC /* Glass.swift in Sources */ = {isa = PBXBuildFile; fileRef = 02BE866022DD7C05009431BC /* Glass.swift */; };
		02BE866522DD7CED009431BC /* Apple.swift in Sources */ = {isa = PBXBuildFile; fileRef = 02BE866422DD7CED009431BC /* Apple.swift */; };
		02BE866722DD7D72009431BC /* Vase.swift in Sources */ = {isa = PBXBuildFile; fileRef = 02BE866622DD7D72009431BC /* Vase.swift */; };
		02BE866922DD7D82009431BC /* Seed.swift in Sources */ = {isa = PBXBuildFile; fileRef = 02BE866822DD7D82009431BC /* Seed.swift */; };
/* End PBXBuildFile section */

/* Begin PBXFileReference section */
		0276DE0D22DBD0BF00CEC4D5 /* Life Giver.app */ = {isa = PBXFileReference; explicitFileType = wrapper.application; includeInIndex = 0; path = "Life Giver.app"; sourceTree = BUILT_PRODUCTS_DIR; };
		0276DE1022DBD0BF00CEC4D5 /* AppDelegate.swift */ = {isa = PBXFileReference; lastKnownFileType = sourcecode.swift; path = AppDelegate.swift; sourceTree = "<group>"; };
		0276DE1222DBD0BF00CEC4D5 /* MainMenuViewController.swift */ = {isa = PBXFileReference; lastKnownFileType = sourcecode.swift; path = MainMenuViewController.swift; sourceTree = "<group>"; };
		0276DE1522DBD0BF00CEC4D5 /* Base */ = {isa = PBXFileReference; lastKnownFileType = file.storyboard; name = Base; path = Base.lproj/Main.storyboard; sourceTree = "<group>"; };
		0276DE1822DBD0BF00CEC4D5 /* Life_Giver.xcdatamodel */ = {isa = PBXFileReference; lastKnownFileType = wrapper.xcdatamodel; path = Life_Giver.xcdatamodel; sourceTree = "<group>"; };
		0276DE1D22DBD0C000CEC4D5 /* Base */ = {isa = PBXFileReference; lastKnownFileType = file.storyboard; name = Base; path = Base.lproj/LaunchScreen.storyboard; sourceTree = "<group>"; };
		0276DE1F22DBD0C000CEC4D5 /* Info.plist */ = {isa = PBXFileReference; lastKnownFileType = text.plist.xml; path = Info.plist; sourceTree = "<group>"; };
		0276DE2722DBD2B900CEC4D5 /* Assets.xcassets */ = {isa = PBXFileReference; lastKnownFileType = folder.assetcatalog; path = Assets.xcassets; sourceTree = "<group>"; };
		0276DE2922DBD35C00CEC4D5 /* GeneralProperties.swift */ = {isa = PBXFileReference; lastKnownFileType = sourcecode.swift; path = GeneralProperties.swift; sourceTree = "<group>"; };
		0295EC8D22DE45EC00FB041C /* SliderTableViewCell.swift */ = {isa = PBXFileReference; lastKnownFileType = sourcecode.swift; path = SliderTableViewCell.swift; sourceTree = "<group>"; };
		0295EC8F22DE464400FB041C /* SwitchTableViewCell.swift */ = {isa = PBXFileReference; lastKnownFileType = sourcecode.swift; path = SwitchTableViewCell.swift; sourceTree = "<group>"; };
		0295EC9122DE4BF300FB041C /* ConfigurationTableViewController.swift */ = {isa = PBXFileReference; lastKnownFileType = sourcecode.swift; path = ConfigurationTableViewController.swift; sourceTree = "<group>"; };
		02BE861522DC3283009431BC /* NewYorkExtraLarge-Regular.otf */ = {isa = PBXFileReference; lastKnownFileType = file; path = "NewYorkExtraLarge-Regular.otf"; sourceTree = "<group>"; };
		02BE861722DC3899009431BC /* LevelSelection.storyboard */ = {isa = PBXFileReference; lastKnownFileType = file.storyboard; path = LevelSelection.storyboard; sourceTree = "<group>"; };
		02BE861A22DC39EC009431BC /* ShapeView.swift */ = {isa = PBXFileReference; fileEncoding = 4; lastKnownFileType = sourcecode.swift; path = ShapeView.swift; sourceTree = "<group>"; };
		02BE861E22DC3CFC009431BC /* LevelSelectionCollectionViewCell.swift */ = {isa = PBXFileReference; lastKnownFileType = sourcecode.swift; path = LevelSelectionCollectionViewCell.swift; sourceTree = "<group>"; };
		02BE862222DC42B6009431BC /* Tutorials.strings */ = {isa = PBXFileReference; lastKnownFileType = text.plist.strings; path = Tutorials.strings; sourceTree = "<group>"; };
		02BE862422DC50B8009431BC /* LevelSelectionCollectionViewController.swift */ = {isa = PBXFileReference; lastKnownFileType = sourcecode.swift; path = LevelSelectionCollectionViewController.swift; sourceTree = "<group>"; };
		02BE862622DC5251009431BC /* ModelController.swift */ = {isa = PBXFileReference; lastKnownFileType = sourcecode.swift; path = ModelController.swift; sourceTree = "<group>"; };
		02BE863022DCDA6A009431BC /* Levels.strings */ = {isa = PBXFileReference; lastKnownFileType = text.plist.strings; path = Levels.strings; sourceTree = "<group>"; };
		02BE863222DCDFE9009431BC /* Level+CoreDataClass.swift */ = {isa = PBXFileReference; lastKnownFileType = sourcecode.swift; path = "Level+CoreDataClass.swift"; sourceTree = "<group>"; };
		02BE863322DCDFE9009431BC /* Level+CoreDataProperties.swift */ = {isa = PBXFileReference; lastKnownFileType = sourcecode.swift; path = "Level+CoreDataProperties.swift"; sourceTree = "<group>"; };
		02BE863822DCF517009431BC /* UIContact.swift */ = {isa = PBXFileReference; fileEncoding = 4; lastKnownFileType = sourcecode.swift; path = UIContact.swift; sourceTree = "<group>"; };
		02BE863922DCF517009431BC /* DynamicAnimatorController.swift */ = {isa = PBXFileReference; fileEncoding = 4; lastKnownFileType = sourcecode.swift; path = DynamicAnimatorController.swift; sourceTree = "<group>"; };
		02BE863A22DCF517009431BC /* ContactDelegate.swift */ = {isa = PBXFileReference; fileEncoding = 4; lastKnownFileType = sourcecode.swift; path = ContactDelegate.swift; sourceTree = "<group>"; };
		02BE863B22DCF517009431BC /* DynamicObjectFactory.swift */ = {isa = PBXFileReference; fileEncoding = 4; lastKnownFileType = sourcecode.swift; path = DynamicObjectFactory.swift; sourceTree = "<group>"; };
		02BE863C22DCF517009431BC /* DynamicBehaviorManager.swift */ = {isa = PBXFileReference; fileEncoding = 4; lastKnownFileType = sourcecode.swift; path = DynamicBehaviorManager.swift; sourceTree = "<group>"; };
		02BE864322DCF54B009431BC /* DynamicShapeView.swift */ = {isa = PBXFileReference; fileEncoding = 4; lastKnownFileType = sourcecode.swift; path = DynamicShapeView.swift; sourceTree = "<group>"; };
		02BE864422DCF54B009431BC /* AffectedByDynamics.swift */ = {isa = PBXFileReference; fileEncoding = 4; lastKnownFileType = sourcecode.swift; path = AffectedByDynamics.swift; sourceTree = "<group>"; };
		02BE864522DCF54B009431BC /* DynamicImageView.swift */ = {isa = PBXFileReference; fileEncoding = 4; lastKnownFileType = sourcecode.swift; path = DynamicImageView.swift; sourceTree = "<group>"; };
		02BE864B22DD02AC009431BC /* ModelStatus.swift */ = {isa = PBXFileReference; lastKnownFileType = sourcecode.swift; path = ModelStatus.swift; sourceTree = "<group>"; };
		02BE864D22DD134C009431BC /* NotificationHandler.swift */ = {isa = PBXFileReference; lastKnownFileType = sourcecode.swift; path = NotificationHandler.swift; sourceTree = "<group>"; };
		02BE865022DD13F5009431BC /* MyNotification.swift */ = {isa = PBXFileReference; lastKnownFileType = sourcecode.swift; path = MyNotification.swift; sourceTree = "<group>"; };
		02BE865222DD1B74009431BC /* AppDelegateExtension.swift */ = {isa = PBXFileReference; lastKnownFileType = sourcecode.swift; path = AppDelegateExtension.swift; sourceTree = "<group>"; };
		02BE865622DD1FA7009431BC /* Level.storyboard */ = {isa = PBXFileReference; lastKnownFileType = file.storyboard; name = Level.storyboard; path = ../Level.storyboard; sourceTree = "<group>"; };
		02BE865E22DD7B0F009431BC /* Droplet.swift */ = {isa = PBXFileReference; lastKnownFileType = sourcecode.swift; path = Droplet.swift; sourceTree = "<group>"; };
		02BE866022DD7C05009431BC /* Glass.swift */ = {isa = PBXFileReference; lastKnownFileType = sourcecode.swift; path = Glass.swift; sourceTree = "<group>"; };
		02BE866422DD7CED009431BC /* Apple.swift */ = {isa = PBXFileReference; lastKnownFileType = sourcecode.swift; path = Apple.swift; sourceTree = "<group>"; };
		02BE866622DD7D72009431BC /* Vase.swift */ = {isa = PBXFileReference; lastKnownFileType = sourcecode.swift; path = Vase.swift; sourceTree = "<group>"; };
		02BE866822DD7D82009431BC /* Seed.swift */ = {isa = PBXFileReference; lastKnownFileType = sourcecode.swift; path = Seed.swift; sourceTree = "<group>"; };
/* End PBXFileReference section */

/* Begin PBXFrameworksBuildPhase section */
		0276DE0A22DBD0BF00CEC4D5 /* Frameworks */ = {
			isa = PBXFrameworksBuildPhase;
			buildActionMask = 2147483647;
			files = (
			);
			runOnlyForDeploymentPostprocessing = 0;
		};
/* End PBXFrameworksBuildPhase section */

/* Begin PBXGroup section */
		0276DE0422DBD0BF00CEC4D5 = {
			isa = PBXGroup;
			children = (
				0276DE0F22DBD0BF00CEC4D5 /* Life Giver */,
				0276DE0E22DBD0BF00CEC4D5 /* Products */,
			);
			sourceTree = "<group>";
		};
		0276DE0E22DBD0BF00CEC4D5 /* Products */ = {
			isa = PBXGroup;
			children = (
				0276DE0D22DBD0BF00CEC4D5 /* Life Giver.app */,
			);
			name = Products;
			sourceTree = "<group>";
		};
		0276DE0F22DBD0BF00CEC4D5 /* Life Giver */ = {
			isa = PBXGroup;
			children = (
				02BE861922DC38CF009431BC /* Helpers */,
				02BE860F22DC30A4009431BC /* Model */,
				02BE861022DC30FC009431BC /* View */,
				02BE861122DC3106009431BC /* Controller */,
				0276DE1022DBD0BF00CEC4D5 /* AppDelegate.swift */,
				0276DE1C22DBD0C000CEC4D5 /* LaunchScreen.storyboard */,
				0276DE1F22DBD0C000CEC4D5 /* Info.plist */,
				0276DE2722DBD2B900CEC4D5 /* Assets.xcassets */,
				02BE861222DC320C009431BC /* Fonts */,
			);
			path = "Life Giver";
			sourceTree = "<group>";
		};
		02BE860F22DC30A4009431BC /* Model */ = {
			isa = PBXGroup;
			children = (
				0276DE2922DBD35C00CEC4D5 /* GeneralProperties.swift */,
				02BE862622DC5251009431BC /* ModelController.swift */,
				02BE864B22DD02AC009431BC /* ModelStatus.swift */,
				0276DE1722DBD0BF00CEC4D5 /* Life_Giver.xcdatamodeld */,
				02BE863222DCDFE9009431BC /* Level+CoreDataClass.swift */,
				02BE863322DCDFE9009431BC /* Level+CoreDataProperties.swift */,
				02BE863022DCDA6A009431BC /* Levels.strings */,
				02BE862222DC42B6009431BC /* Tutorials.strings */,
			);
			path = Model;
			sourceTree = "<group>";
		};
		02BE861022DC30FC009431BC /* View */ = {
			isa = PBXGroup;
			children = (
				02BE866322DD7C22009431BC /* Storyboards */,
				02BE866222DD7C11009431BC /* Game Components */,
			);
			path = View;
			sourceTree = "<group>";
		};
		02BE861122DC3106009431BC /* Controller */ = {
			isa = PBXGroup;
			children = (
				0276DE1222DBD0BF00CEC4D5 /* MainMenuViewController.swift */,
				02BE862422DC50B8009431BC /* LevelSelectionCollectionViewController.swift */,
				0295EC9122DE4BF300FB041C /* ConfigurationTableViewController.swift */,
			);
			path = Controller;
			sourceTree = "<group>";
		};
		02BE861222DC320C009431BC /* Fonts */ = {
			isa = PBXGroup;
			children = (
				02BE861522DC3283009431BC /* NewYorkExtraLarge-Regular.otf */,
			);
			path = Fonts;
			sourceTree = "<group>";
		};
		02BE861922DC38CF009431BC /* Helpers */ = {
			isa = PBXGroup;
			children = (
				02BE863622DCF4A5009431BC /* UIGameKit */,
				02BE864F22DD13E9009431BC /* Notification */,
			);
			path = Helpers;
			sourceTree = "<group>";
		};
		02BE863622DCF4A5009431BC /* UIGameKit */ = {
			isa = PBXGroup;
			children = (
				02BE864222DCF53A009431BC /* Views */,
				02BE863722DCF4EE009431BC /* Dynamic */,
			);
			path = UIGameKit;
			sourceTree = "<group>";
		};
		02BE863722DCF4EE009431BC /* Dynamic */ = {
			isa = PBXGroup;
			children = (
				02BE863A22DCF517009431BC /* ContactDelegate.swift */,
				02BE863922DCF517009431BC /* DynamicAnimatorController.swift */,
				02BE863C22DCF517009431BC /* DynamicBehaviorManager.swift */,
				02BE863B22DCF517009431BC /* DynamicObjectFactory.swift */,
				02BE863822DCF517009431BC /* UIContact.swift */,
			);
			path = Dynamic;
			sourceTree = "<group>";
		};
		02BE864222DCF53A009431BC /* Views */ = {
			isa = PBXGroup;
			children = (
				02BE864422DCF54B009431BC /* AffectedByDynamics.swift */,
				02BE864522DCF54B009431BC /* DynamicImageView.swift */,
				02BE864322DCF54B009431BC /* DynamicShapeView.swift */,
			);
			path = Views;
			sourceTree = "<group>";
		};
		02BE864F22DD13E9009431BC /* Notification */ = {
			isa = PBXGroup;
			children = (
				02BE864D22DD134C009431BC /* NotificationHandler.swift */,
				02BE865022DD13F5009431BC /* MyNotification.swift */,
				02BE865222DD1B74009431BC /* AppDelegateExtension.swift */,
			);
			path = Notification;
			sourceTree = "<group>";
		};
		02BE866222DD7C11009431BC /* Game Components */ = {
			isa = PBXGroup;
			children = (
				02BE865E22DD7B0F009431BC /* Droplet.swift */,
				02BE866022DD7C05009431BC /* Glass.swift */,
				02BE866422DD7CED009431BC /* Apple.swift */,
				02BE866822DD7D82009431BC /* Seed.swift */,
				02BE866622DD7D72009431BC /* Vase.swift */,
			);
			path = "Game Components";
			sourceTree = "<group>";
		};
		02BE866322DD7C22009431BC /* Storyboards */ = {
			isa = PBXGroup;
			children = (
				0276DE1422DBD0BF00CEC4D5 /* Main.storyboard */,
				02BE861722DC3899009431BC /* LevelSelection.storyboard */,
				02BE865622DD1FA7009431BC /* Level.storyboard */,
				02BE861A22DC39EC009431BC /* ShapeView.swift */,
				02BE861E22DC3CFC009431BC /* LevelSelectionCollectionViewCell.swift */,
				0295EC8D22DE45EC00FB041C /* SliderTableViewCell.swift */,
				0295EC8F22DE464400FB041C /* SwitchTableViewCell.swift */,
			);
			path = Storyboards;
			sourceTree = "<group>";
		};
/* End PBXGroup section */

/* Begin PBXNativeTarget section */
		0276DE0C22DBD0BF00CEC4D5 /* Life Giver */ = {
			isa = PBXNativeTarget;
			buildConfigurationList = 0276DE2222DBD0C000CEC4D5 /* Build configuration list for PBXNativeTarget "Life Giver" */;
			buildPhases = (
				0276DE0922DBD0BF00CEC4D5 /* Sources */,
				0276DE0A22DBD0BF00CEC4D5 /* Frameworks */,
				0276DE0B22DBD0BF00CEC4D5 /* Resources */,
			);
			buildRules = (
			);
			dependencies = (
			);
			name = "Life Giver";
			productName = "Life Giver";
			productReference = 0276DE0D22DBD0BF00CEC4D5 /* Life Giver.app */;
			productType = "com.apple.product-type.application";
		};
/* End PBXNativeTarget section */

/* Begin PBXProject section */
		0276DE0522DBD0BF00CEC4D5 /* Project object */ = {
			isa = PBXProject;
			attributes = {
				LastSwiftUpdateCheck = 1020;
				LastUpgradeCheck = 1020;
				ORGANIZATIONNAME = "Pedro Giuliano Farina";
				TargetAttributes = {
					0276DE0C22DBD0BF00CEC4D5 = {
						CreatedOnToolsVersion = 10.2.1;
					};
				};
			};
			buildConfigurationList = 0276DE0822DBD0BF00CEC4D5 /* Build configuration list for PBXProject "Life Giver" */;
			compatibilityVersion = "Xcode 9.3";
			developmentRegion = en;
			hasScannedForEncodings = 0;
			knownRegions = (
				en,
				Base,
			);
			mainGroup = 0276DE0422DBD0BF00CEC4D5;
			productRefGroup = 0276DE0E22DBD0BF00CEC4D5 /* Products */;
			projectDirPath = "";
			projectRoot = "";
			targets = (
				0276DE0C22DBD0BF00CEC4D5 /* Life Giver */,
			);
		};
/* End PBXProject section */

/* Begin PBXResourcesBuildPhase section */
		0276DE0B22DBD0BF00CEC4D5 /* Resources */ = {
			isa = PBXResourcesBuildPhase;
			buildActionMask = 2147483647;
			files = (
				0276DE1E22DBD0C000CEC4D5 /* LaunchScreen.storyboard in Resources */,
				02BE861822DC3899009431BC /* LevelSelection.storyboard in Resources */,
				02BE861622DC3283009431BC /* NewYorkExtraLarge-Regular.otf in Resources */,
				0276DE2822DBD2B900CEC4D5 /* Assets.xcassets in Resources */,
				0276DE1622DBD0BF00CEC4D5 /* Main.storyboard in Resources */,
				02BE862322DC42B6009431BC /* Tutorials.strings in Resources */,
				02BE863122DCDA6A009431BC /* Levels.strings in Resources */,
				02BE865722DD1FA7009431BC /* Level.storyboard in Resources */,
			);
			runOnlyForDeploymentPostprocessing = 0;
		};
/* End PBXResourcesBuildPhase section */

/* Begin PBXSourcesBuildPhase section */
		0276DE0922DBD0BF00CEC4D5 /* Sources */ = {
			isa = PBXSourcesBuildPhase;
			buildActionMask = 2147483647;
			files = (
				02BE862522DC50B8009431BC /* LevelSelectionCollectionViewController.swift in Sources */,
				02BE861B22DC39ED009431BC /* ShapeView.swift in Sources */,
				02BE864822DCF54B009431BC /* DynamicImageView.swift in Sources */,
				02BE864622DCF54B009431BC /* DynamicShapeView.swift in Sources */,
				0276DE1922DBD0BF00CEC4D5 /* Life_Giver.xcdatamodeld in Sources */,
				02BE866922DD7D82009431BC /* Seed.swift in Sources */,
				0295EC9222DE4BF300FB041C /* ConfigurationTableViewController.swift in Sources */,
				0276DE2A22DBD35C00CEC4D5 /* GeneralProperties.swift in Sources */,
				02BE863F22DCF517009431BC /* ContactDelegate.swift in Sources */,
				02BE864022DCF517009431BC /* DynamicObjectFactory.swift in Sources */,
				02BE866122DD7C05009431BC /* Glass.swift in Sources */,
				02BE863422DCDFE9009431BC /* Level+CoreDataClass.swift in Sources */,
				0276DE1322DBD0BF00CEC4D5 /* MainMenuViewController.swift in Sources */,
				02BE865F22DD7B0F009431BC /* Droplet.swift in Sources */,
				02BE863E22DCF517009431BC /* DynamicAnimatorController.swift in Sources */,
				02BE864E22DD134C009431BC /* NotificationHandler.swift in Sources */,
				02BE866522DD7CED009431BC /* Apple.swift in Sources */,
				02BE862722DC5251009431BC /* ModelController.swift in Sources */,
				02BE861F22DC3CFC009431BC /* LevelSelectionCollectionViewCell.swift in Sources */,
				0295EC8E22DE45EC00FB041C /* SliderTableViewCell.swift in Sources */,
				0295EC9022DE464400FB041C /* SwitchTableViewCell.swift in Sources */,
				02BE863522DCDFE9009431BC /* Level+CoreDataProperties.swift in Sources */,
				02BE866722DD7D72009431BC /* Vase.swift in Sources */,
				02BE865122DD13F5009431BC /* MyNotification.swift in Sources */,
				02BE864122DCF517009431BC /* DynamicBehaviorManager.swift in Sources */,
				02BE863D22DCF517009431BC /* UIContact.swift in Sources */,
				02BE864C22DD02AC009431BC /* ModelStatus.swift in Sources */,
				0276DE1122DBD0BF00CEC4D5 /* AppDelegate.swift in Sources */,
				02BE865322DD1B74009431BC /* AppDelegateExtension.swift in Sources */,
				02BE864722DCF54B009431BC /* AffectedByDynamics.swift in Sources */,
			);
			runOnlyForDeploymentPostprocessing = 0;
		};
/* End PBXSourcesBuildPhase section */

/* Begin PBXVariantGroup section */
		0276DE1422DBD0BF00CEC4D5 /* Main.storyboard */ = {
			isa = PBXVariantGroup;
			children = (
				0276DE1522DBD0BF00CEC4D5 /* Base */,
			);
			name = Main.storyboard;
			sourceTree = "<group>";
		};
		0276DE1C22DBD0C000CEC4D5 /* LaunchScreen.storyboard */ = {
			isa = PBXVariantGroup;
			children = (
				0276DE1D22DBD0C000CEC4D5 /* Base */,
			);
			name = LaunchScreen.storyboard;
			sourceTree = "<group>";
		};
/* End PBXVariantGroup section */

/* Begin XCBuildConfiguration section */
		0276DE2022DBD0C000CEC4D5 /* Debug */ = {
			isa = XCBuildConfiguration;
			buildSettings = {
				ALWAYS_SEARCH_USER_PATHS = NO;
				CLANG_ANALYZER_NONNULL = YES;
				CLANG_ANALYZER_NUMBER_OBJECT_CONVERSION = YES_AGGRESSIVE;
				CLANG_CXX_LANGUAGE_STANDARD = "gnu++14";
				CLANG_CXX_LIBRARY = "libc++";
				CLANG_ENABLE_MODULES = YES;
				CLANG_ENABLE_OBJC_ARC = YES;
				CLANG_ENABLE_OBJC_WEAK = YES;
				CLANG_WARN_BLOCK_CAPTURE_AUTORELEASING = YES;
				CLANG_WARN_BOOL_CONVERSION = YES;
				CLANG_WARN_COMMA = YES;
				CLANG_WARN_CONSTANT_CONVERSION = YES;
				CLANG_WARN_DEPRECATED_OBJC_IMPLEMENTATIONS = YES;
				CLANG_WARN_DIRECT_OBJC_ISA_USAGE = YES_ERROR;
				CLANG_WARN_DOCUMENTATION_COMMENTS = YES;
				CLANG_WARN_EMPTY_BODY = YES;
				CLANG_WARN_ENUM_CONVERSION = YES;
				CLANG_WARN_INFINITE_RECURSION = YES;
				CLANG_WARN_INT_CONVERSION = YES;
				CLANG_WARN_NON_LITERAL_NULL_CONVERSION = YES;
				CLANG_WARN_OBJC_IMPLICIT_RETAIN_SELF = YES;
				CLANG_WARN_OBJC_LITERAL_CONVERSION = YES;
				CLANG_WARN_OBJC_ROOT_CLASS = YES_ERROR;
				CLANG_WARN_RANGE_LOOP_ANALYSIS = YES;
				CLANG_WARN_STRICT_PROTOTYPES = YES;
				CLANG_WARN_SUSPICIOUS_MOVE = YES;
				CLANG_WARN_UNGUARDED_AVAILABILITY = YES_AGGRESSIVE;
				CLANG_WARN_UNREACHABLE_CODE = YES;
				CLANG_WARN__DUPLICATE_METHOD_MATCH = YES;
				CODE_SIGN_IDENTITY = "iPhone Developer";
				COPY_PHASE_STRIP = NO;
				DEBUG_INFORMATION_FORMAT = dwarf;
				ENABLE_STRICT_OBJC_MSGSEND = YES;
				ENABLE_TESTABILITY = YES;
				GCC_C_LANGUAGE_STANDARD = gnu11;
				GCC_DYNAMIC_NO_PIC = NO;
				GCC_NO_COMMON_BLOCKS = YES;
				GCC_OPTIMIZATION_LEVEL = 0;
				GCC_PREPROCESSOR_DEFINITIONS = (
					"DEBUG=1",
					"$(inherited)",
				);
				GCC_WARN_64_TO_32_BIT_CONVERSION = YES;
				GCC_WARN_ABOUT_RETURN_TYPE = YES_ERROR;
				GCC_WARN_UNDECLARED_SELECTOR = YES;
				GCC_WARN_UNINITIALIZED_AUTOS = YES_AGGRESSIVE;
				GCC_WARN_UNUSED_FUNCTION = YES;
				GCC_WARN_UNUSED_VARIABLE = YES;
				IPHONEOS_DEPLOYMENT_TARGET = 12.2;
				MTL_ENABLE_DEBUG_INFO = INCLUDE_SOURCE;
				MTL_FAST_MATH = YES;
				ONLY_ACTIVE_ARCH = YES;
				SDKROOT = iphoneos;
				SWIFT_ACTIVE_COMPILATION_CONDITIONS = DEBUG;
				SWIFT_OPTIMIZATION_LEVEL = "-Onone";
			};
			name = Debug;
		};
		0276DE2122DBD0C000CEC4D5 /* Release */ = {
			isa = XCBuildConfiguration;
			buildSettings = {
				ALWAYS_SEARCH_USER_PATHS = NO;
				CLANG_ANALYZER_NONNULL = YES;
				CLANG_ANALYZER_NUMBER_OBJECT_CONVERSION = YES_AGGRESSIVE;
				CLANG_CXX_LANGUAGE_STANDARD = "gnu++14";
				CLANG_CXX_LIBRARY = "libc++";
				CLANG_ENABLE_MODULES = YES;
				CLANG_ENABLE_OBJC_ARC = YES;
				CLANG_ENABLE_OBJC_WEAK = YES;
				CLANG_WARN_BLOCK_CAPTURE_AUTORELEASING = YES;
				CLANG_WARN_BOOL_CONVERSION = YES;
				CLANG_WARN_COMMA = YES;
				CLANG_WARN_CONSTANT_CONVERSION = YES;
				CLANG_WARN_DEPRECATED_OBJC_IMPLEMENTATIONS = YES;
				CLANG_WARN_DIRECT_OBJC_ISA_USAGE = YES_ERROR;
				CLANG_WARN_DOCUMENTATION_COMMENTS = YES;
				CLANG_WARN_EMPTY_BODY = YES;
				CLANG_WARN_ENUM_CONVERSION = YES;
				CLANG_WARN_INFINITE_RECURSION = YES;
				CLANG_WARN_INT_CONVERSION = YES;
				CLANG_WARN_NON_LITERAL_NULL_CONVERSION = YES;
				CLANG_WARN_OBJC_IMPLICIT_RETAIN_SELF = YES;
				CLANG_WARN_OBJC_LITERAL_CONVERSION = YES;
				CLANG_WARN_OBJC_ROOT_CLASS = YES_ERROR;
				CLANG_WARN_RANGE_LOOP_ANALYSIS = YES;
				CLANG_WARN_STRICT_PROTOTYPES = YES;
				CLANG_WARN_SUSPICIOUS_MOVE = YES;
				CLANG_WARN_UNGUARDED_AVAILABILITY = YES_AGGRESSIVE;
				CLANG_WARN_UNREACHABLE_CODE = YES;
				CLANG_WARN__DUPLICATE_METHOD_MATCH = YES;
				CODE_SIGN_IDENTITY = "iPhone Developer";
				COPY_PHASE_STRIP = NO;
				DEBUG_INFORMATION_FORMAT = "dwarf-with-dsym";
				ENABLE_NS_ASSERTIONS = NO;
				ENABLE_STRICT_OBJC_MSGSEND = YES;
				GCC_C_LANGUAGE_STANDARD = gnu11;
				GCC_NO_COMMON_BLOCKS = YES;
				GCC_WARN_64_TO_32_BIT_CONVERSION = YES;
				GCC_WARN_ABOUT_RETURN_TYPE = YES_ERROR;
				GCC_WARN_UNDECLARED_SELECTOR = YES;
				GCC_WARN_UNINITIALIZED_AUTOS = YES_AGGRESSIVE;
				GCC_WARN_UNUSED_FUNCTION = YES;
				GCC_WARN_UNUSED_VARIABLE = YES;
				IPHONEOS_DEPLOYMENT_TARGET = 12.2;
				MTL_ENABLE_DEBUG_INFO = NO;
				MTL_FAST_MATH = YES;
				SDKROOT = iphoneos;
				SWIFT_COMPILATION_MODE = wholemodule;
				SWIFT_OPTIMIZATION_LEVEL = "-O";
				VALIDATE_PRODUCT = YES;
			};
			name = Release;
		};
		0276DE2322DBD0C000CEC4D5 /* Debug */ = {
			isa = XCBuildConfiguration;
			buildSettings = {
				ASSETCATALOG_COMPILER_APPICON_NAME = AppIcon;
				CODE_SIGN_STYLE = Automatic;
				DEVELOPMENT_TEAM = BVZY57RJZG;
				INFOPLIST_FILE = "Life Giver/Info.plist";
				LD_RUNPATH_SEARCH_PATHS = (
					"$(inherited)",
					"@executable_path/Frameworks",
				);
				PRODUCT_BUNDLE_IDENTIFIER = "PGF.Life-Giver";
				PRODUCT_NAME = "$(TARGET_NAME)";
				SWIFT_VERSION = 5.0;
				TARGETED_DEVICE_FAMILY = "1,2";
			};
			name = Debug;
		};
		0276DE2422DBD0C000CEC4D5 /* Release */ = {
			isa = XCBuildConfiguration;
			buildSettings = {
				ASSETCATALOG_COMPILER_APPICON_NAME = AppIcon;
				CODE_SIGN_STYLE = Automatic;
				DEVELOPMENT_TEAM = BVZY57RJZG;
				INFOPLIST_FILE = "Life Giver/Info.plist";
				LD_RUNPATH_SEARCH_PATHS = (
					"$(inherited)",
					"@executable_path/Frameworks",
				);
				PRODUCT_BUNDLE_IDENTIFIER = "PGF.Life-Giver";
				PRODUCT_NAME = "$(TARGET_NAME)";
				SWIFT_VERSION = 5.0;
				TARGETED_DEVICE_FAMILY = "1,2";
			};
			name = Release;
		};
/* End XCBuildConfiguration section */

/* Begin XCConfigurationList section */
		0276DE0822DBD0BF00CEC4D5 /* Build configuration list for PBXProject "Life Giver" */ = {
			isa = XCConfigurationList;
			buildConfigurations = (
				0276DE2022DBD0C000CEC4D5 /* Debug */,
				0276DE2122DBD0C000CEC4D5 /* Release */,
			);
			defaultConfigurationIsVisible = 0;
			defaultConfigurationName = Release;
		};
		0276DE2222DBD0C000CEC4D5 /* Build configuration list for PBXNativeTarget "Life Giver" */ = {
			isa = XCConfigurationList;
			buildConfigurations = (
				0276DE2322DBD0C000CEC4D5 /* Debug */,
				0276DE2422DBD0C000CEC4D5 /* Release */,
			);
			defaultConfigurationIsVisible = 0;
			defaultConfigurationName = Release;
		};
/* End XCConfigurationList section */

/* Begin XCVersionGroup section */
		0276DE1722DBD0BF00CEC4D5 /* Life_Giver.xcdatamodeld */ = {
			isa = XCVersionGroup;
			children = (
				0276DE1822DBD0BF00CEC4D5 /* Life_Giver.xcdatamodel */,
			);
			currentVersion = 0276DE1822DBD0BF00CEC4D5 /* Life_Giver.xcdatamodel */;
			path = Life_Giver.xcdatamodeld;
			sourceTree = "<group>";
			versionGroupType = wrapper.xcdatamodel;
		};
/* End XCVersionGroup section */
	};
	rootObject = 0276DE0522DBD0BF00CEC4D5 /* Project object */;
}
